
Microsoft Visual Studio Solution File, Format Version 12.00
# Visual Studio Version 17
VisualStudioVersion = 17.14.36310.24 d17.14
MinimumVisualStudioVersion = 10.0.40219.1
Project("{FAE04EC0-301F-11D3-BF4B-00C04F79EFBC}") = "API Portfolio", "API Portfolio\API Portfolio.csproj", "{62670D77-07C1-4E40-8A49-722EED4001DD}"
EndProject
Global
	GlobalSection(SolutionConfigurationPlatforms) = preSolution
		Debug|Any CPU = Debug|Any CPU
		Release|Any CPU = Release|Any CPU
	EndGlobalSection
	GlobalSection(ProjectConfigurationPlatforms) = postSolution
		{62670D77-07C1-4E40-8A49-722EED4001DD}.Debug|Any CPU.ActiveCfg = Debug|Any CPU
		{62670D77-07C1-4E40-8A49-722EED4001DD}.Debug|Any CPU.Build.0 = Debug|Any CPU
		{62670D77-07C1-4E40-8A49-722EED4001DD}.Release|Any CPU.ActiveCfg = Release|Any CPU
		{62670D77-07C1-4E40-8A49-722EED4001DD}.Release|Any CPU.Build.0 = Release|Any CPU
	EndGlobalSection
	GlobalSection(SolutionProperties) = preSolution
		HideSolutionNode = FALSE
	EndGlobalSection
	GlobalSection(ExtensibilityGlobals) = postSolution
		SolutionGuid = {F43C0E91-88D5-467C-B589-FAEEB7DF0E0A}
	EndGlobalSection
EndGlobal
